
Microsoft Visual Studio Solution File, Format Version 12.00
# Visual Studio 14
VisualStudioVersion = 14.0.25420.1
MinimumVisualStudioVersion = 10.0.40219.1
Project("{EDCC3B85-0BAD-11DB-BC1A-00112FDE8B61}") = "Exe 4", "Exe 4\Exe 4.nproj", "{1ED2C45B-4037-4371-99A6-CC929027D4C5}"
EndProject
Global
	GlobalSection(SolutionConfigurationPlatforms) = preSolution
		Debug|Any CPU = Debug|Any CPU
		Release|Any CPU = Release|Any CPU
	EndGlobalSection
	GlobalSection(ProjectConfigurationPlatforms) = postSolution
		{1ED2C45B-4037-4371-99A6-CC929027D4C5}.Debug|Any CPU.ActiveCfg = Debug|Any CPU
		{1ED2C45B-4037-4371-99A6-CC929027D4C5}.Debug|Any CPU.Build.0 = Debug|Any CPU
		{1ED2C45B-4037-4371-99A6-CC929027D4C5}.Release|Any CPU.ActiveCfg = Release|Any CPU
		{1ED2C45B-4037-4371-99A6-CC929027D4C5}.Release|Any CPU.Build.0 = Release|Any CPU
	EndGlobalSection
	GlobalSection(SolutionProperties) = preSolution
		HideSolutionNode = FALSE
	EndGlobalSection
EndGlobal
