
Microsoft Visual Studio Solution File, Format Version 12.00
# Visual Studio 14
VisualStudioVersion = 14.0.25420.1
MinimumVisualStudioVersion = 10.0.40219.1
Project("{EDCC3B85-0BAD-11DB-BC1A-00112FDE8B61}") = "Exe 0", "Exe 0\Exe 0.nproj", "{9ED97F49-D111-4582-A8AD-27DF1B75279D}"
EndProject
Global
	GlobalSection(SolutionConfigurationPlatforms) = preSolution
		Debug|Any CPU = Debug|Any CPU
		Release|Any CPU = Release|Any CPU
	EndGlobalSection
	GlobalSection(ProjectConfigurationPlatforms) = postSolution
		{9ED97F49-D111-4582-A8AD-27DF1B75279D}.Debug|Any CPU.ActiveCfg = Debug|Any CPU
		{9ED97F49-D111-4582-A8AD-27DF1B75279D}.Debug|Any CPU.Build.0 = Debug|Any CPU
		{9ED97F49-D111-4582-A8AD-27DF1B75279D}.Release|Any CPU.ActiveCfg = Release|Any CPU
		{9ED97F49-D111-4582-A8AD-27DF1B75279D}.Release|Any CPU.Build.0 = Release|Any CPU
	EndGlobalSection
	GlobalSection(SolutionProperties) = preSolution
		HideSolutionNode = FALSE
	EndGlobalSection
EndGlobal
